
Microsoft Visual Studio Solution File, Format Version 12.00
# Visual Studio 15
VisualStudioVersion = 15.0.28307.329
MinimumVisualStudioVersion = 10.0.40219.1
Project("{FAE04EC0-301F-11D3-BF4B-00C04F79EFBC}") = "EfCoreSqlAndCosmos", "EfCoreSqlAndCosmos\EfCoreSqlAndCosmos.csproj", "{1F30E882-1BE1-46A9-80A1-76DD02B31E9A}"
EndProject
Global
	GlobalSection(SolutionConfigurationPlatforms) = preSolution
		Debug|Any CPU = Debug|Any CPU
		Release|Any CPU = Release|Any CPU
	EndGlobalSection
	GlobalSection(ProjectConfigurationPlatforms) = postSolution
		{1F30E882-1BE1-46A9-80A1-76DD02B31E9A}.Debug|Any CPU.ActiveCfg = Debug|Any CPU
		{1F30E882-1BE1-46A9-80A1-76DD02B31E9A}.Debug|Any CPU.Build.0 = Debug|Any CPU
		{1F30E882-1BE1-46A9-80A1-76DD02B31E9A}.Release|Any CPU.ActiveCfg = Release|Any CPU
		{1F30E882-1BE1-46A9-80A1-76DD02B31E9A}.Release|Any CPU.Build.0 = Release|Any CPU
	EndGlobalSection
	GlobalSection(SolutionProperties) = preSolution
		HideSolutionNode = FALSE
	EndGlobalSection
	GlobalSection(ExtensibilityGlobals) = postSolution
		SolutionGuid = {341421C1-8261-46CF-ABF5-F19D7CF692AF}
	EndGlobalSection
EndGlobal
